
Microsoft Visual Studio Solution File, Format Version 12.00
# Visual Studio Version 17
VisualStudioVersion = 17.6.33717.318
MinimumVisualStudioVersion = 10.0.40219.1
Project("{FAE04EC0-301F-11D3-BF4B-00C04F79EFBC}") = "NLayer.Core", "NLayer.Core\NLayer.Core.csproj", "{16DDAC83-8951-4886-9672-16FDE6851836}"
EndProject
Project("{FAE04EC0-301F-11D3-BF4B-00C04F79EFBC}") = "NLayer.Repository", "NLayer.Repository\NLayer.Repository.csproj", "{E001C6A1-601C-4259-BECB-5ECAD67AFCF7}"
EndProject
Project("{FAE04EC0-301F-11D3-BF4B-00C04F79EFBC}") = "NLayer.Service", "NLayer.Service\NLayer.Service.csproj", "{484BCB08-D1CB-4396-A6A2-9789FF28209D}"
EndProject
Project("{FAE04EC0-301F-11D3-BF4B-00C04F79EFBC}") = "NLayer.API", "NLayer.API\NLayer.API.csproj", "{93E78E1C-C5FC-41BD-B068-043E5EA4E040}"
EndProject
Project("{FAE04EC0-301F-11D3-BF4B-00C04F79EFBC}") = "NLayer.Web", "NLayer.Web\NLayer.Web.csproj", "{48C1E6C4-89F8-4A22-9848-D2C650D49C1E}"
EndProject
Project("{FAE04EC0-301F-11D3-BF4B-00C04F79EFBC}") = "NLayer.Caching", "NLayer.Caching\NLayer.Caching.csproj", "{511AD018-09D0-4261-9E6D-54B3B634653A}"
EndProject
Global
	GlobalSection(SolutionConfigurationPlatforms) = preSolution
		Debug|Any CPU = Debug|Any CPU
		Release|Any CPU = Release|Any CPU
	EndGlobalSection
	GlobalSection(ProjectConfigurationPlatforms) = postSolution
		{16DDAC83-8951-4886-9672-16FDE6851836}.Debug|Any CPU.ActiveCfg = Debug|Any CPU
		{16DDAC83-8951-4886-9672-16FDE6851836}.Debug|Any CPU.Build.0 = Debug|Any CPU
		{16DDAC83-8951-4886-9672-16FDE6851836}.Release|Any CPU.ActiveCfg = Release|Any CPU
		{16DDAC83-8951-4886-9672-16FDE6851836}.Release|Any CPU.Build.0 = Release|Any CPU
		{E001C6A1-601C-4259-BECB-5ECAD67AFCF7}.Debug|Any CPU.ActiveCfg = Debug|Any CPU
		{E001C6A1-601C-4259-BECB-5ECAD67AFCF7}.Debug|Any CPU.Build.0 = Debug|Any CPU
		{E001C6A1-601C-4259-BECB-5ECAD67AFCF7}.Release|Any CPU.ActiveCfg = Release|Any CPU
		{E001C6A1-601C-4259-BECB-5ECAD67AFCF7}.Release|Any CPU.Build.0 = Release|Any CPU
		{484BCB08-D1CB-4396-A6A2-9789FF28209D}.Debug|Any CPU.ActiveCfg = Debug|Any CPU
		{484BCB08-D1CB-4396-A6A2-9789FF28209D}.Debug|Any CPU.Build.0 = Debug|Any CPU
		{484BCB08-D1CB-4396-A6A2-9789FF28209D}.Release|Any CPU.ActiveCfg = Release|Any CPU
		{484BCB08-D1CB-4396-A6A2-9789FF28209D}.Release|Any CPU.Build.0 = Release|Any CPU
		{93E78E1C-C5FC-41BD-B068-043E5EA4E040}.Debug|Any CPU.ActiveCfg = Debug|Any CPU
		{93E78E1C-C5FC-41BD-B068-043E5EA4E040}.Debug|Any CPU.Build.0 = Debug|Any CPU
		{93E78E1C-C5FC-41BD-B068-043E5EA4E040}.Release|Any CPU.ActiveCfg = Release|Any CPU
		{93E78E1C-C5FC-41BD-B068-043E5EA4E040}.Release|Any CPU.Build.0 = Release|Any CPU
		{48C1E6C4-89F8-4A22-9848-D2C650D49C1E}.Debug|Any CPU.ActiveCfg = Debug|Any CPU
		{48C1E6C4-89F8-4A22-9848-D2C650D49C1E}.Debug|Any CPU.Build.0 = Debug|Any CPU
		{48C1E6C4-89F8-4A22-9848-D2C650D49C1E}.Release|Any CPU.ActiveCfg = Release|Any CPU
		{48C1E6C4-89F8-4A22-9848-D2C650D49C1E}.Release|Any CPU.Build.0 = Release|Any CPU
		{511AD018-09D0-4261-9E6D-54B3B634653A}.Debug|Any CPU.ActiveCfg = Debug|Any CPU
		{511AD018-09D0-4261-9E6D-54B3B634653A}.Debug|Any CPU.Build.0 = Debug|Any CPU
		{511AD018-09D0-4261-9E6D-54B3B634653A}.Release|Any CPU.ActiveCfg = Release|Any CPU
		{511AD018-09D0-4261-9E6D-54B3B634653A}.Release|Any CPU.Build.0 = Release|Any CPU
	EndGlobalSection
	GlobalSection(SolutionProperties) = preSolution
		HideSolutionNode = FALSE
	EndGlobalSection
	GlobalSection(ExtensibilityGlobals) = postSolution
		SolutionGuid = {E2DA82F9-7784-4960-8A69-76B2D5A91808}
	EndGlobalSection
EndGlobal
